// !$*UTF8*$!
{
	archiveVersion = 1;
	classes = {
	};
	objectVersion = 50;
	objects = {

/* Begin PBXBuildFile section */
		D556692B24EF151E0003BD80 /* AppDelegate.swift in Sources */ = {isa = PBXBuildFile; fileRef = D556692A24EF151E0003BD80 /* AppDelegate.swift */; };
		D556692D24EF151E0003BD80 /* SceneDelegate.swift in Sources */ = {isa = PBXBuildFile; fileRef = D556692C24EF151E0003BD80 /* SceneDelegate.swift */; };
		D556692F24EF151E0003BD80 /* ViewController.swift in Sources */ = {isa = PBXBuildFile; fileRef = D556692E24EF151E0003BD80 /* ViewController.swift */; };
		D556693224EF151E0003BD80 /* Main.storyboard in Resources */ = {isa = PBXBuildFile; fileRef = D556693024EF151E0003BD80 /* Main.storyboard */; };
		D556693424EF15230003BD80 /* Assets.xcassets in Resources */ = {isa = PBXBuildFile; fileRef = D556693324EF15230003BD80 /* Assets.xcassets */; };
		D556693724EF15230003BD80 /* LaunchScreen.storyboard in Resources */ = {isa = PBXBuildFile; fileRef = D556693524EF15230003BD80 /* LaunchScreen.storyboard */; };
/* End PBXBuildFile section */

/* Begin PBXFileReference section */
		D556692724EF151E0003BD80 /* venturus-ios.app */ = {isa = PBXFileReference; explicitFileType = wrapper.application; includeInIndex = 0; path = "venturus-ios.app"; sourceTree = BUILT_PRODUCTS_DIR; };
		D556692A24EF151E0003BD80 /* AppDelegate.swift */ = {isa = PBXFileReference; lastKnownFileType = sourcecode.swift; path = AppDelegate.swift; sourceTree = "<group>"; };
		D556692C24EF151E0003BD80 /* SceneDelegate.swift */ = {isa = PBXFileReference; lastKnownFileType = sourcecode.swift; path = SceneDelegate.swift; sourceTree = "<group>"; };
		D556692E24EF151E0003BD80 /* ViewController.swift */ = {isa = PBXFileReference; lastKnownFileType = sourcecode.swift; path = ViewController.swift; sourceTree = "<group>"; };
		D556693124EF151E0003BD80 /* Base */ = {isa = PBXFileReference; lastKnownFileType = file.storyboard; name = Base; path = Base.lproj/Main.storyboard; sourceTree = "<group>"; };
		D556693324EF15230003BD80 /* Assets.xcassets */ = {isa = PBXFileReference; lastKnownFileType = folder.assetcatalog; path = Assets.xcassets; sourceTree = "<group>"; };
		D556693624EF15230003BD80 /* Base */ = {isa = PBXFileReference; lastKnownFileType = file.storyboard; name = Base; path = Base.lproj/LaunchScreen.storyboard; sourceTree = "<group>"; };
		D556693824EF15230003BD80 /* Info.plist */ = {isa = PBXFileReference; lastKnownFileType = text.plist.xml; path = Info.plist; sourceTree = "<group>"; };
/* End PBXFileReference section */

/* Begin PBXFrameworksBuildPhase section */
		D556692424EF151E0003BD80 /* Frameworks */ = {
			isa = PBXFrameworksBuildPhase;
			buildActionMask = 2147483647;
			files = (
			);
			runOnlyForDeploymentPostprocessing = 0;
		};
/* End PBXFrameworksBuildPhase section */

/* Begin PBXGroup section */
		D556691E24EF151E0003BD80 = {
			isa = PBXGroup;
			children = (
				D556692924EF151E0003BD80 /* venturus-ios */,
				D556692824EF151E0003BD80 /* Products */,
			);
			sourceTree = "<group>";
		};
		D556692824EF151E0003BD80 /* Products */ = {
			isa = PBXGroup;
			children = (
				D556692724EF151E0003BD80 /* venturus-ios.app */,
			);
			name = Products;
			sourceTree = "<group>";
		};
		D556692924EF151E0003BD80 /* venturus-ios */ = {
			isa = PBXGroup;
			children = (
				D556692A24EF151E0003BD80 /* AppDelegate.swift */,
				D556692C24EF151E0003BD80 /* SceneDelegate.swift */,
				D556692E24EF151E0003BD80 /* ViewController.swift */,
				D556693024EF151E0003BD80 /* Main.storyboard */,
				D556693324EF15230003BD80 /* Assets.xcassets */,
				D556693524EF15230003BD80 /* LaunchScreen.storyboard */,
				D556693824EF15230003BD80 /* Info.plist */,
			);
			path = "venturus-ios";
			sourceTree = "<group>";
		};
/* End PBXGroup section */

/* Begin PBXNativeTarget section */
		D556692624EF151E0003BD80 /* venturus-ios */ = {
			isa = PBXNativeTarget;
			buildConfigurationList = D556693B24EF15230003BD80 /* Build configuration list for PBXNativeTarget "venturus-ios" */;
			buildPhases = (
				D556692324EF151E0003BD80 /* Sources */,
				D556692424EF151E0003BD80 /* Frameworks */,
				D556692524EF151E0003BD80 /* Resources */,
			);
			buildRules = (
			);
			dependencies = (
			);
			name = "venturus-ios";
			productName = "venturus-ios";
			productReference = D556692724EF151E0003BD80 /* venturus-ios.app */;
			productType = "com.apple.product-type.application";
		};
/* End PBXNativeTarget section */

/* Begin PBXProject section */
		D556691F24EF151E0003BD80 /* Project object */ = {
			isa = PBXProject;
			attributes = {
				LastSwiftUpdateCheck = 1160;
				LastUpgradeCheck = 1160;
				ORGANIZATIONNAME = "Mateus Santos";
				TargetAttributes = {
					D556692624EF151E0003BD80 = {
						CreatedOnToolsVersion = 11.6;
					};
				};
			};
			buildConfigurationList = D556692224EF151E0003BD80 /* Build configuration list for PBXProject "venturus-ios" */;
			compatibilityVersion = "Xcode 9.3";
			developmentRegion = en;
			hasScannedForEncodings = 0;
			knownRegions = (
				en,
				Base,
			);
			mainGroup = D556691E24EF151E0003BD80;
			productRefGroup = D556692824EF151E0003BD80 /* Products */;
			projectDirPath = "";
			projectRoot = "";
			targets = (
				D556692624EF151E0003BD80 /* venturus-ios */,
			);
		};
/* End PBXProject section */

/* Begin PBXResourcesBuildPhase section */
		D556692524EF151E0003BD80 /* Resources */ = {
			isa = PBXResourcesBuildPhase;
			buildActionMask = 2147483647;
			files = (
				D556693724EF15230003BD80 /* LaunchScreen.storyboard in Resources */,
				D556693424EF15230003BD80 /* Assets.xcassets in Resources */,
				D556693224EF151E0003BD80 /* Main.storyboard in Resources */,
			);
			runOnlyForDeploymentPostprocessing = 0;
		};
/* End PBXResourcesBuildPhase section */

/* Begin PBXSourcesBuildPhase section */
		D556692324EF151E0003BD80 /* Sources */ = {
			isa = PBXSourcesBuildPhase;
			buildActionMask = 2147483647;
			files = (
				D556692F24EF151E0003BD80 /* ViewController.swift in Sources */,
				D556692B24EF151E0003BD80 /* AppDelegate.swift in Sources */,
				D556692D24EF151E0003BD80 /* SceneDelegate.swift in Sources */,
			);
			runOnlyForDeploymentPostprocessing = 0;
		};
/* End PBXSourcesBuildPhase section */

/* Begin PBXVariantGroup section */
		D556693024EF151E0003BD80 /* Main.storyboard */ = {
			isa = PBXVariantGroup;
			children = (
				D556693124EF151E0003BD80 /* Base */,
			);
			name = Main.storyboard;
			sourceTree = "<group>";
		};
		D556693524EF15230003BD80 /* LaunchScreen.storyboard */ = {
			isa = PBXVariantGroup;
			children = (
				D556693624EF15230003BD80 /* Base */,
			);
			name = LaunchScreen.storyboard;
			sourceTree = "<group>";
		};
/* End PBXVariantGroup section */

/* Begin XCBuildConfiguration section */
		D556693924EF15230003BD80 /* Debug */ = {
			isa = XCBuildConfiguration;
			buildSettings = {
				ALWAYS_SEARCH_USER_PATHS = NO;
				CLANG_ANALYZER_NONNULL = YES;
				CLANG_ANALYZER_NUMBER_OBJECT_CONVERSION = YES_AGGRESSIVE;
				CLANG_CXX_LANGUAGE_STANDARD = "gnu++14";
				CLANG_CXX_LIBRARY = "libc++";
				CLANG_ENABLE_MODULES = YES;
				CLANG_ENABLE_OBJC_ARC = YES;
				CLANG_ENABLE_OBJC_WEAK = YES;
				CLANG_WARN_BLOCK_CAPTURE_AUTORELEASING = YES;
				CLANG_WARN_BOOL_CONVERSION = YES;
				CLANG_WARN_COMMA = YES;
				CLANG_WARN_CONSTANT_CONVERSION = YES;
				CLANG_WARN_DEPRECATED_OBJC_IMPLEMENTATIONS = YES;
				CLANG_WARN_DIRECT_OBJC_ISA_USAGE = YES_ERROR;
				CLANG_WARN_DOCUMENTATION_COMMENTS = YES;
				CLANG_WARN_EMPTY_BODY = YES;
				CLANG_WARN_ENUM_CONVERSION = YES;
				CLANG_WARN_INFINITE_RECURSION = YES;
				CLANG_WARN_INT_CONVERSION = YES;
				CLANG_WARN_NON_LITERAL_NULL_CONVERSION = YES;
				CLANG_WARN_OBJC_IMPLICIT_RETAIN_SELF = YES;
				CLANG_WARN_OBJC_LITERAL_CONVERSION = YES;
				CLANG_WARN_OBJC_ROOT_CLASS = YES_ERROR;
				CLANG_WARN_RANGE_LOOP_ANALYSIS = YES;
				CLANG_WARN_STRICT_PROTOTYPES = YES;
				CLANG_WARN_SUSPICIOUS_MOVE = YES;
				CLANG_WARN_UNGUARDED_AVAILABILITY = YES_AGGRESSIVE;
				CLANG_WARN_UNREACHABLE_CODE = YES;
				CLANG_WARN__DUPLICATE_METHOD_MATCH = YES;
				COPY_PHASE_STRIP = NO;
				DEBUG_INFORMATION_FORMAT = dwarf;
				ENABLE_STRICT_OBJC_MSGSEND = YES;
				ENABLE_TESTABILITY = YES;
				GCC_C_LANGUAGE_STANDARD = gnu11;
				GCC_DYNAMIC_NO_PIC = NO;
				GCC_NO_COMMON_BLOCKS = YES;
				GCC_OPTIMIZATION_LEVEL = 0;
				GCC_PREPROCESSOR_DEFINITIONS = (
					"DEBUG=1",
					"$(inherited)",
				);
				GCC_WARN_64_TO_32_BIT_CONVERSION = YES;
				GCC_WARN_ABOUT_RETURN_TYPE = YES_ERROR;
				GCC_WARN_UNDECLARED_SELECTOR = YES;
				GCC_WARN_UNINITIALIZED_AUTOS = YES_AGGRESSIVE;
				GCC_WARN_UNUSED_FUNCTION = YES;
				GCC_WARN_UNUSED_VARIABLE = YES;
				IPHONEOS_DEPLOYMENT_TARGET = 13.6;
				MTL_ENABLE_DEBUG_INFO = INCLUDE_SOURCE;
				MTL_FAST_MATH = YES;
				ONLY_ACTIVE_ARCH = YES;
				SDKROOT = iphoneos;
				SWIFT_ACTIVE_COMPILATION_CONDITIONS = DEBUG;
				SWIFT_OPTIMIZATION_LEVEL = "-Onone";
			};
			name = Debug;
		};
		D556693A24EF15230003BD80 /* Release */ = {
			isa = XCBuildConfiguration;
			buildSettings = {
				ALWAYS_SEARCH_USER_PATHS = NO;
				CLANG_ANALYZER_NONNULL = YES;
				CLANG_ANALYZER_NUMBER_OBJECT_CONVERSION = YES_AGGRESSIVE;
				CLANG_CXX_LANGUAGE_STANDARD = "gnu++14";
				CLANG_CXX_LIBRARY = "libc++";
				CLANG_ENABLE_MODULES = YES;
				CLANG_ENABLE_OBJC_ARC = YES;
				CLANG_ENABLE_OBJC_WEAK = YES;
				CLANG_WARN_BLOCK_CAPTURE_AUTORELEASING = YES;
				CLANG_WARN_BOOL_CONVERSION = YES;
				CLANG_WARN_COMMA = YES;
				CLANG_WARN_CONSTANT_CONVERSION = YES;
				CLANG_WARN_DEPRECATED_OBJC_IMPLEMENTATIONS = YES;
				CLANG_WARN_DIRECT_OBJC_ISA_USAGE = YES_ERROR;
				CLANG_WARN_DOCUMENTATION_COMMENTS = YES;
				CLANG_WARN_EMPTY_BODY = YES;
				CLANG_WARN_ENUM_CONVERSION = YES;
				CLANG_WARN_INFINITE_RECURSION = YES;
				CLANG_WARN_INT_CONVERSION = YES;
				CLANG_WARN_NON_LITERAL_NULL_CONVERSION = YES;
				CLANG_WARN_OBJC_IMPLICIT_RETAIN_SELF = YES;
				CLANG_WARN_OBJC_LITERAL_CONVERSION = YES;
				CLANG_WARN_OBJC_ROOT_CLASS = YES_ERROR;
				CLANG_WARN_RANGE_LOOP_ANALYSIS = YES;
				CLANG_WARN_STRICT_PROTOTYPES = YES;
				CLANG_WARN_SUSPICIOUS_MOVE = YES;
				CLANG_WARN_UNGUARDED_AVAILABILITY = YES_AGGRESSIVE;
				CLANG_WARN_UNREACHABLE_CODE = YES;
				CLANG_WARN__DUPLICATE_METHOD_MATCH = YES;
				COPY_PHASE_STRIP = NO;
				DEBUG_INFORMATION_FORMAT = "dwarf-with-dsym";
				ENABLE_NS_ASSERTIONS = NO;
				ENABLE_STRICT_OBJC_MSGSEND = YES;
				GCC_C_LANGUAGE_STANDARD = gnu11;
				GCC_NO_COMMON_BLOCKS = YES;
				GCC_WARN_64_TO_32_BIT_CONVERSION = YES;
				GCC_WARN_ABOUT_RETURN_TYPE = YES_ERROR;
				GCC_WARN_UNDECLARED_SELECTOR = YES;
				GCC_WARN_UNINITIALIZED_AUTOS = YES_AGGRESSIVE;
				GCC_WARN_UNUSED_FUNCTION = YES;
				GCC_WARN_UNUSED_VARIABLE = YES;
				IPHONEOS_DEPLOYMENT_TARGET = 13.6;
				MTL_ENABLE_DEBUG_INFO = NO;
				MTL_FAST_MATH = YES;
				SDKROOT = iphoneos;
				SWIFT_COMPILATION_MODE = wholemodule;
				SWIFT_OPTIMIZATION_LEVEL = "-O";
				VALIDATE_PRODUCT = YES;
			};
			name = Release;
		};
		D556693C24EF15230003BD80 /* Debug */ = {
			isa = XCBuildConfiguration;
			buildSettings = {
				ASSETCATALOG_COMPILER_APPICON_NAME = AppIcon;
				CODE_SIGN_STYLE = Automatic;
				DEVELOPMENT_TEAM = D7YNGR3R5C;
				INFOPLIST_FILE = "venturus-ios/Info.plist";
				LD_RUNPATH_SEARCH_PATHS = (
					"$(inherited)",
					"@executable_path/Frameworks",
				);
				PRODUCT_BUNDLE_IDENTIFIER = "com.mateusantos.venturus-ios";
				PRODUCT_NAME = "$(TARGET_NAME)";
				SWIFT_VERSION = 5.0;
				TARGETED_DEVICE_FAMILY = "1,2";
			};
			name = Debug;
		};
		D556693D24EF15230003BD80 /* Release */ = {
			isa = XCBuildConfiguration;
			buildSettings = {
				ASSETCATALOG_COMPILER_APPICON_NAME = AppIcon;
				CODE_SIGN_STYLE = Automatic;
				DEVELOPMENT_TEAM = D7YNGR3R5C;
				INFOPLIST_FILE = "venturus-ios/Info.plist";
				LD_RUNPATH_SEARCH_PATHS = (
					"$(inherited)",
					"@executable_path/Frameworks",
				);
				PRODUCT_BUNDLE_IDENTIFIER = "com.mateusantos.venturus-ios";
				PRODUCT_NAME = "$(TARGET_NAME)";
				SWIFT_VERSION = 5.0;
				TARGETED_DEVICE_FAMILY = "1,2";
			};
			name = Release;
		};
/* End XCBuildConfiguration section */

/* Begin XCConfigurationList section */
		D556692224EF151E0003BD80 /* Build configuration list for PBXProject "venturus-ios" */ = {
			isa = XCConfigurationList;
			buildConfigurations = (
				D556693924EF15230003BD80 /* Debug */,
				D556693A24EF15230003BD80 /* Release */,
			);
			defaultConfigurationIsVisible = 0;
			defaultConfigurationName = Release;
		};
		D556693B24EF15230003BD80 /* Build configuration list for PBXNativeTarget "venturus-ios" */ = {
			isa = XCConfigurationList;
			buildConfigurations = (
				D556693C24EF15230003BD80 /* Debug */,
				D556693D24EF15230003BD80 /* Release */,
			);
			defaultConfigurationIsVisible = 0;
			defaultConfigurationName = Release;
		};
/* End XCConfigurationList section */
	};
	rootObject = D556691F24EF151E0003BD80 /* Project object */;
}
